
Microsoft Visual Studio Solution File, Format Version 12.00
# Visual Studio Version 17
VisualStudioVersion = 17.0.32112.339
MinimumVisualStudioVersion = 10.0.40219.1
Project("{9A19103F-16F7-4668-BE54-9A1E7A4F7556}") = "AlgerbraLibary", "AlgerbraLibary\AlgerbraLibary.csproj", "{24C872DC-7360-4506-9292-25846CED39E9}"
EndProject
Project("{9A19103F-16F7-4668-BE54-9A1E7A4F7556}") = "algerbraConsole", "algerbraConsole\algerbraConsole.csproj", "{445916F8-0A2B-4E1B-8CBE-F71B821A3644}"
EndProject
Global
	GlobalSection(SolutionConfigurationPlatforms) = preSolution
		Debug|Any CPU = Debug|Any CPU
		Debug|x64 = Debug|x64
		Debug|x86 = Debug|x86
		Release|Any CPU = Release|Any CPU
		Release|x64 = Release|x64
		Release|x86 = Release|x86
	EndGlobalSection
	GlobalSection(ProjectConfigurationPlatforms) = postSolution
		{24C872DC-7360-4506-9292-25846CED39E9}.Debug|Any CPU.ActiveCfg = Debug|Any CPU
		{24C872DC-7360-4506-9292-25846CED39E9}.Debug|Any CPU.Build.0 = Debug|Any CPU
		{24C872DC-7360-4506-9292-25846CED39E9}.Debug|x64.ActiveCfg = Debug|x64
		{24C872DC-7360-4506-9292-25846CED39E9}.Debug|x64.Build.0 = Debug|x64
		{24C872DC-7360-4506-9292-25846CED39E9}.Debug|x86.ActiveCfg = Debug|x86
		{24C872DC-7360-4506-9292-25846CED39E9}.Debug|x86.Build.0 = Debug|x86
		{24C872DC-7360-4506-9292-25846CED39E9}.Release|Any CPU.ActiveCfg = Release|Any CPU
		{24C872DC-7360-4506-9292-25846CED39E9}.Release|Any CPU.Build.0 = Release|Any CPU
		{24C872DC-7360-4506-9292-25846CED39E9}.Release|x64.ActiveCfg = Release|x64
		{24C872DC-7360-4506-9292-25846CED39E9}.Release|x64.Build.0 = Release|x64
		{24C872DC-7360-4506-9292-25846CED39E9}.Release|x86.ActiveCfg = Release|x86
		{24C872DC-7360-4506-9292-25846CED39E9}.Release|x86.Build.0 = Release|x86
		{445916F8-0A2B-4E1B-8CBE-F71B821A3644}.Debug|Any CPU.ActiveCfg = Debug|Any CPU
		{445916F8-0A2B-4E1B-8CBE-F71B821A3644}.Debug|Any CPU.Build.0 = Debug|Any CPU
		{445916F8-0A2B-4E1B-8CBE-F71B821A3644}.Debug|x64.ActiveCfg = Debug|x64
		{445916F8-0A2B-4E1B-8CBE-F71B821A3644}.Debug|x64.Build.0 = Debug|x64
		{445916F8-0A2B-4E1B-8CBE-F71B821A3644}.Debug|x86.ActiveCfg = Debug|Any CPU
		{445916F8-0A2B-4E1B-8CBE-F71B821A3644}.Debug|x86.Build.0 = Debug|Any CPU
		{445916F8-0A2B-4E1B-8CBE-F71B821A3644}.Release|Any CPU.ActiveCfg = Release|Any CPU
		{445916F8-0A2B-4E1B-8CBE-F71B821A3644}.Release|Any CPU.Build.0 = Release|Any CPU
		{445916F8-0A2B-4E1B-8CBE-F71B821A3644}.Release|x64.ActiveCfg = Release|x64
		{445916F8-0A2B-4E1B-8CBE-F71B821A3644}.Release|x86.ActiveCfg = Release|Any CPU
		{445916F8-0A2B-4E1B-8CBE-F71B821A3644}.Release|x86.Build.0 = Release|Any CPU
	EndGlobalSection
	GlobalSection(SolutionProperties) = preSolution
		HideSolutionNode = FALSE
	EndGlobalSection
	GlobalSection(ExtensibilityGlobals) = postSolution
		SolutionGuid = {5411E048-B215-4DF9-BF82-5E3229F880C4}
	EndGlobalSection
EndGlobal
